
Microsoft Visual Studio Solution File, Format Version 12.00
# Visual Studio Version 17
VisualStudioVersion = 17.14.36518.9 d17.14
MinimumVisualStudioVersion = 10.0.40219.1
Project("{FAE04EC0-301F-11D3-BF4B-00C04F79EFBC}") = "ModalWindows", "ModalWindows.csproj", "{1BBA01BA-3F5D-4953-811A-E9B7E7169C65}"
EndProject
Global
	GlobalSection(SolutionConfigurationPlatforms) = preSolution
		Debug|Any CPU = Debug|Any CPU
		Release|Any CPU = Release|Any CPU
	EndGlobalSection
	GlobalSection(ProjectConfigurationPlatforms) = postSolution
		{1BBA01BA-3F5D-4953-811A-E9B7E7169C65}.Debug|Any CPU.ActiveCfg = Debug|Any CPU
		{1BBA01BA-3F5D-4953-811A-E9B7E7169C65}.Debug|Any CPU.Build.0 = Debug|Any CPU
		{1BBA01BA-3F5D-4953-811A-E9B7E7169C65}.Release|Any CPU.ActiveCfg = Release|Any CPU
		{1BBA01BA-3F5D-4953-811A-E9B7E7169C65}.Release|Any CPU.Build.0 = Release|Any CPU
	EndGlobalSection
	GlobalSection(SolutionProperties) = preSolution
		HideSolutionNode = FALSE
	EndGlobalSection
	GlobalSection(ExtensibilityGlobals) = postSolution
		SolutionGuid = {130F6CB1-EAF6-43DF-B666-824AFC2ED5A1}
	EndGlobalSection
EndGlobal
